
Microsoft Visual Studio Solution File, Format Version 12.00
# Visual Studio Version 17
VisualStudioVersion = 17.13.35825.156 d17.13
MinimumVisualStudioVersion = 10.0.40219.1
Project("{FAE04EC0-301F-11D3-BF4B-00C04F79EFBC}") = "GTreasury.NPV.API", "GTreasury.NPV.API\GTreasury.NPV.API.csproj", "{F6A84B04-3FDA-4AEC-BAE8-C52A01471B79}"
EndProject
Project("{FAE04EC0-301F-11D3-BF4B-00C04F79EFBC}") = "GTreasure.NPV.Service", "GTreasure.NPV.Business\GTreasure.NPV.Service.csproj", "{C18703F7-B51E-4C8E-9467-A4C129C2CA6B}"
EndProject
Project("{FAE04EC0-301F-11D3-BF4B-00C04F79EFBC}") = "GTreasure.NPV.Tests", "GTreasure.NPV.Tests\GTreasure.NPV.Tests.csproj", "{48032439-06C0-4164-86F2-15BFF8CA7E1E}"
EndProject
Global
	GlobalSection(SolutionConfigurationPlatforms) = preSolution
		Debug|Any CPU = Debug|Any CPU
		Release|Any CPU = Release|Any CPU
	EndGlobalSection
	GlobalSection(ProjectConfigurationPlatforms) = postSolution
		{F6A84B04-3FDA-4AEC-BAE8-C52A01471B79}.Debug|Any CPU.ActiveCfg = Debug|Any CPU
		{F6A84B04-3FDA-4AEC-BAE8-C52A01471B79}.Debug|Any CPU.Build.0 = Debug|Any CPU
		{F6A84B04-3FDA-4AEC-BAE8-C52A01471B79}.Release|Any CPU.ActiveCfg = Release|Any CPU
		{F6A84B04-3FDA-4AEC-BAE8-C52A01471B79}.Release|Any CPU.Build.0 = Release|Any CPU
		{C18703F7-B51E-4C8E-9467-A4C129C2CA6B}.Debug|Any CPU.ActiveCfg = Debug|Any CPU
		{C18703F7-B51E-4C8E-9467-A4C129C2CA6B}.Debug|Any CPU.Build.0 = Debug|Any CPU
		{C18703F7-B51E-4C8E-9467-A4C129C2CA6B}.Release|Any CPU.ActiveCfg = Release|Any CPU
		{C18703F7-B51E-4C8E-9467-A4C129C2CA6B}.Release|Any CPU.Build.0 = Release|Any CPU
		{48032439-06C0-4164-86F2-15BFF8CA7E1E}.Debug|Any CPU.ActiveCfg = Debug|Any CPU
		{48032439-06C0-4164-86F2-15BFF8CA7E1E}.Debug|Any CPU.Build.0 = Debug|Any CPU
		{48032439-06C0-4164-86F2-15BFF8CA7E1E}.Release|Any CPU.ActiveCfg = Release|Any CPU
		{48032439-06C0-4164-86F2-15BFF8CA7E1E}.Release|Any CPU.Build.0 = Release|Any CPU
	EndGlobalSection
	GlobalSection(SolutionProperties) = preSolution
		HideSolutionNode = FALSE
	EndGlobalSection
	GlobalSection(ExtensibilityGlobals) = postSolution
		SolutionGuid = {9D14C72F-3B4C-47E5-BEC7-6D614126D36E}
	EndGlobalSection
EndGlobal
